
Microsoft Visual Studio Solution File, Format Version 12.00
# Visual Studio Version 17
VisualStudioVersion = 17.5.33414.496
MinimumVisualStudioVersion = 10.0.40219.1
Project("{FAE04EC0-301F-11D3-BF4B-00C04F79EFBC}") = "tpmodul5_1302210068", "tpmodul5_1302210068.csproj", "{6A28741B-9759-4B88-9E68-30D28E949023}"
EndProject
Global
	GlobalSection(SolutionConfigurationPlatforms) = preSolution
		Debug|Any CPU = Debug|Any CPU
		Release|Any CPU = Release|Any CPU
	EndGlobalSection
	GlobalSection(ProjectConfigurationPlatforms) = postSolution
		{6A28741B-9759-4B88-9E68-30D28E949023}.Debug|Any CPU.ActiveCfg = Debug|Any CPU
		{6A28741B-9759-4B88-9E68-30D28E949023}.Debug|Any CPU.Build.0 = Debug|Any CPU
		{6A28741B-9759-4B88-9E68-30D28E949023}.Release|Any CPU.ActiveCfg = Release|Any CPU
		{6A28741B-9759-4B88-9E68-30D28E949023}.Release|Any CPU.Build.0 = Release|Any CPU
	EndGlobalSection
	GlobalSection(SolutionProperties) = preSolution
		HideSolutionNode = FALSE
	EndGlobalSection
	GlobalSection(ExtensibilityGlobals) = postSolution
		SolutionGuid = {12B30606-D9AC-4797-B925-3343DD43AF2D}
	EndGlobalSection
EndGlobal
